
Microsoft Visual Studio Solution File, Format Version 12.00
# Visual Studio Version 16
VisualStudioVersion = 16.0.30621.155
MinimumVisualStudioVersion = 10.0.40219.1
Project("{FAE04EC0-301F-11D3-BF4B-00C04F79EFBC}") = "ProjetDOTNET", "ProjetDOTNET\ProjetDOTNET.csproj", "{B78F9719-12E4-473C-8F3B-8008ECB02CE0}"
EndProject
Global
	GlobalSection(SolutionConfigurationPlatforms) = preSolution
		Debug|Any CPU = Debug|Any CPU
		Release|Any CPU = Release|Any CPU
	EndGlobalSection
	GlobalSection(ProjectConfigurationPlatforms) = postSolution
		{B78F9719-12E4-473C-8F3B-8008ECB02CE0}.Debug|Any CPU.ActiveCfg = Debug|Any CPU
		{B78F9719-12E4-473C-8F3B-8008ECB02CE0}.Debug|Any CPU.Build.0 = Debug|Any CPU
		{B78F9719-12E4-473C-8F3B-8008ECB02CE0}.Release|Any CPU.ActiveCfg = Release|Any CPU
		{B78F9719-12E4-473C-8F3B-8008ECB02CE0}.Release|Any CPU.Build.0 = Release|Any CPU
	EndGlobalSection
	GlobalSection(SolutionProperties) = preSolution
		HideSolutionNode = FALSE
	EndGlobalSection
	GlobalSection(ExtensibilityGlobals) = postSolution
		SolutionGuid = {9FC86F05-92A4-49B2-90D0-0412CCD1B9F5}
	EndGlobalSection
EndGlobal
